// !$*UTF8*$!
{
	archiveVersion = 1;
	classes = {
	};
	objectVersion = 50;
	objects = {

/* Begin PBXBuildFile section */
		BF309DA22646780C004086BB /* AppDelegate.m in Sources */ = {isa = PBXBuildFile; fileRef = BF309DA12646780C004086BB /* AppDelegate.m */; };
		BF309DA52646780C004086BB /* SceneDelegate.m in Sources */ = {isa = PBXBuildFile; fileRef = BF309DA42646780C004086BB /* SceneDelegate.m */; };
		BF309DA82646780C004086BB /* ViewController.m in Sources */ = {isa = PBXBuildFile; fileRef = BF309DA72646780C004086BB /* ViewController.m */; };
		BF309DAB2646780C004086BB /* Main.storyboard in Resources */ = {isa = PBXBuildFile; fileRef = BF309DA92646780C004086BB /* Main.storyboard */; };
		BF309DAD2646780E004086BB /* Assets.xcassets in Resources */ = {isa = PBXBuildFile; fileRef = BF309DAC2646780E004086BB /* Assets.xcassets */; };
		BF309DB02646780E004086BB /* LaunchScreen.storyboard in Resources */ = {isa = PBXBuildFile; fileRef = BF309DAE2646780E004086BB /* LaunchScreen.storyboard */; };
		BF309DB32646780E004086BB /* main.m in Sources */ = {isa = PBXBuildFile; fileRef = BF309DB22646780E004086BB /* main.m */; };
		BF309DBC26467B76004086BB /* fishhook.c in Sources */ = {isa = PBXBuildFile; fileRef = BF309DBA26467B75004086BB /* fishhook.c */; };
		BF309E3D264910DA004086BB /* LocationHelper.m in Sources */ = {isa = PBXBuildFile; fileRef = BF309E3C264910D9004086BB /* LocationHelper.m */; };
		BF309E61264A2EA6004086BB /* ObjcHook.c in Sources */ = {isa = PBXBuildFile; fileRef = BF309E60264A2EA6004086BB /* ObjcHook.c */; };
/* End PBXBuildFile section */

/* Begin PBXFileReference section */
		BF309D9D2646780C004086BB /* fishhook_demo.app */ = {isa = PBXFileReference; explicitFileType = wrapper.application; includeInIndex = 0; path = fishhook_demo.app; sourceTree = BUILT_PRODUCTS_DIR; };
		BF309DA02646780C004086BB /* AppDelegate.h */ = {isa = PBXFileReference; lastKnownFileType = sourcecode.c.h; path = AppDelegate.h; sourceTree = "<group>"; };
		BF309DA12646780C004086BB /* AppDelegate.m */ = {isa = PBXFileReference; lastKnownFileType = sourcecode.c.objc; path = AppDelegate.m; sourceTree = "<group>"; };
		BF309DA32646780C004086BB /* SceneDelegate.h */ = {isa = PBXFileReference; lastKnownFileType = sourcecode.c.h; path = SceneDelegate.h; sourceTree = "<group>"; };
		BF309DA42646780C004086BB /* SceneDelegate.m */ = {isa = PBXFileReference; lastKnownFileType = sourcecode.c.objc; path = SceneDelegate.m; sourceTree = "<group>"; };
		BF309DA62646780C004086BB /* ViewController.h */ = {isa = PBXFileReference; lastKnownFileType = sourcecode.c.h; path = ViewController.h; sourceTree = "<group>"; };
		BF309DA72646780C004086BB /* ViewController.m */ = {isa = PBXFileReference; lastKnownFileType = sourcecode.c.objc; path = ViewController.m; sourceTree = "<group>"; };
		BF309DAA2646780C004086BB /* Base */ = {isa = PBXFileReference; lastKnownFileType = file.storyboard; name = Base; path = Base.lproj/Main.storyboard; sourceTree = "<group>"; };
		BF309DAC2646780E004086BB /* Assets.xcassets */ = {isa = PBXFileReference; lastKnownFileType = folder.assetcatalog; path = Assets.xcassets; sourceTree = "<group>"; };
		BF309DAF2646780E004086BB /* Base */ = {isa = PBXFileReference; lastKnownFileType = file.storyboard; name = Base; path = Base.lproj/LaunchScreen.storyboard; sourceTree = "<group>"; };
		BF309DB12646780E004086BB /* Info.plist */ = {isa = PBXFileReference; lastKnownFileType = text.plist.xml; path = Info.plist; sourceTree = "<group>"; };
		BF309DB22646780E004086BB /* main.m */ = {isa = PBXFileReference; lastKnownFileType = sourcecode.c.objc; path = main.m; sourceTree = "<group>"; };
		BF309DBA26467B75004086BB /* fishhook.c */ = {isa = PBXFileReference; fileEncoding = 4; lastKnownFileType = sourcecode.c.c; path = fishhook.c; sourceTree = "<group>"; };
		BF309DBB26467B76004086BB /* fishhook.h */ = {isa = PBXFileReference; fileEncoding = 4; lastKnownFileType = sourcecode.c.h; path = fishhook.h; sourceTree = "<group>"; };
		BF309E3B264910D9004086BB /* LocationHelper.h */ = {isa = PBXFileReference; lastKnownFileType = sourcecode.c.h; path = LocationHelper.h; sourceTree = "<group>"; };
		BF309E3C264910D9004086BB /* LocationHelper.m */ = {isa = PBXFileReference; lastKnownFileType = sourcecode.c.objc; path = LocationHelper.m; sourceTree = "<group>"; };
		BF309E5F264A2EA6004086BB /* ObjcHook.h */ = {isa = PBXFileReference; lastKnownFileType = sourcecode.c.h; path = ObjcHook.h; sourceTree = "<group>"; };
		BF309E60264A2EA6004086BB /* ObjcHook.c */ = {isa = PBXFileReference; lastKnownFileType = sourcecode.c.c; path = ObjcHook.c; sourceTree = "<group>"; };
/* End PBXFileReference section */

/* Begin PBXFrameworksBuildPhase section */
		BF309D9A2646780C004086BB /* Frameworks */ = {
			isa = PBXFrameworksBuildPhase;
			buildActionMask = 2147483647;
			files = (
			);
			runOnlyForDeploymentPostprocessing = 0;
		};
/* End PBXFrameworksBuildPhase section */

/* Begin PBXGroup section */
		BF309D942646780C004086BB = {
			isa = PBXGroup;
			children = (
				BF309D9F2646780C004086BB /* fishhook_demo */,
				BF309D9E2646780C004086BB /* Products */,
			);
			sourceTree = "<group>";
		};
		BF309D9E2646780C004086BB /* Products */ = {
			isa = PBXGroup;
			children = (
				BF309D9D2646780C004086BB /* fishhook_demo.app */,
			);
			name = Products;
			sourceTree = "<group>";
		};
		BF309D9F2646780C004086BB /* fishhook_demo */ = {
			isa = PBXGroup;
			children = (
				BF309DBA26467B75004086BB /* fishhook.c */,
				BF309DBB26467B76004086BB /* fishhook.h */,
				BF309DA02646780C004086BB /* AppDelegate.h */,
				BF309DA12646780C004086BB /* AppDelegate.m */,
				BF309DA32646780C004086BB /* SceneDelegate.h */,
				BF309DA42646780C004086BB /* SceneDelegate.m */,
				BF309DA62646780C004086BB /* ViewController.h */,
				BF309DA72646780C004086BB /* ViewController.m */,
				BF309E5F264A2EA6004086BB /* ObjcHook.h */,
				BF309E60264A2EA6004086BB /* ObjcHook.c */,
				BF309E3B264910D9004086BB /* LocationHelper.h */,
				BF309E3C264910D9004086BB /* LocationHelper.m */,
				BF309DA92646780C004086BB /* Main.storyboard */,
				BF309DAC2646780E004086BB /* Assets.xcassets */,
				BF309DAE2646780E004086BB /* LaunchScreen.storyboard */,
				BF309DB12646780E004086BB /* Info.plist */,
				BF309DB22646780E004086BB /* main.m */,
			);
			path = fishhook_demo;
			sourceTree = "<group>";
		};
/* End PBXGroup section */

/* Begin PBXNativeTarget section */
		BF309D9C2646780C004086BB /* fishhook_demo */ = {
			isa = PBXNativeTarget;
			buildConfigurationList = BF309DB62646780E004086BB /* Build configuration list for PBXNativeTarget "fishhook_demo" */;
			buildPhases = (
				BF309D992646780C004086BB /* Sources */,
				BF309D9A2646780C004086BB /* Frameworks */,
				BF309D9B2646780C004086BB /* Resources */,
			);
			buildRules = (
			);
			dependencies = (
			);
			name = fishhook_demo;
			productName = fishhook_demo;
			productReference = BF309D9D2646780C004086BB /* fishhook_demo.app */;
			productType = "com.apple.product-type.application";
		};
/* End PBXNativeTarget section */

/* Begin PBXProject section */
		BF309D952646780C004086BB /* Project object */ = {
			isa = PBXProject;
			attributes = {
				LastUpgradeCheck = 1240;
				TargetAttributes = {
					BF309D9C2646780C004086BB = {
						CreatedOnToolsVersion = 12.4;
					};
				};
			};
			buildConfigurationList = BF309D982646780C004086BB /* Build configuration list for PBXProject "fishhook_demo" */;
			compatibilityVersion = "Xcode 9.3";
			developmentRegion = en;
			hasScannedForEncodings = 0;
			knownRegions = (
				en,
				Base,
			);
			mainGroup = BF309D942646780C004086BB;
			productRefGroup = BF309D9E2646780C004086BB /* Products */;
			projectDirPath = "";
			projectRoot = "";
			targets = (
				BF309D9C2646780C004086BB /* fishhook_demo */,
			);
		};
/* End PBXProject section */

/* Begin PBXResourcesBuildPhase section */
		BF309D9B2646780C004086BB /* Resources */ = {
			isa = PBXResourcesBuildPhase;
			buildActionMask = 2147483647;
			files = (
				BF309DB02646780E004086BB /* LaunchScreen.storyboard in Resources */,
				BF309DAD2646780E004086BB /* Assets.xcassets in Resources */,
				BF309DAB2646780C004086BB /* Main.storyboard in Resources */,
			);
			runOnlyForDeploymentPostprocessing = 0;
		};
/* End PBXResourcesBuildPhase section */

/* Begin PBXSourcesBuildPhase section */
		BF309D992646780C004086BB /* Sources */ = {
			isa = PBXSourcesBuildPhase;
			buildActionMask = 2147483647;
			files = (
				BF309DA82646780C004086BB /* ViewController.m in Sources */,
				BF309E61264A2EA6004086BB /* ObjcHook.c in Sources */,
				BF309DBC26467B76004086BB /* fishhook.c in Sources */,
				BF309E3D264910DA004086BB /* LocationHelper.m in Sources */,
				BF309DA22646780C004086BB /* AppDelegate.m in Sources */,
				BF309DB32646780E004086BB /* main.m in Sources */,
				BF309DA52646780C004086BB /* SceneDelegate.m in Sources */,
			);
			runOnlyForDeploymentPostprocessing = 0;
		};
/* End PBXSourcesBuildPhase section */

/* Begin PBXVariantGroup section */
		BF309DA92646780C004086BB /* Main.storyboard */ = {
			isa = PBXVariantGroup;
			children = (
				BF309DAA2646780C004086BB /* Base */,
			);
			name = Main.storyboard;
			sourceTree = "<group>";
		};
		BF309DAE2646780E004086BB /* LaunchScreen.storyboard */ = {
			isa = PBXVariantGroup;
			children = (
				BF309DAF2646780E004086BB /* Base */,
			);
			name = LaunchScreen.storyboard;
			sourceTree = "<group>";
		};
/* End PBXVariantGroup section */

/* Begin XCBuildConfiguration section */
		BF309DB42646780E004086BB /* Debug */ = {
			isa = XCBuildConfiguration;
			buildSettings = {
				ALWAYS_SEARCH_USER_PATHS = NO;
				CLANG_ANALYZER_NONNULL = YES;
				CLANG_ANALYZER_NUMBER_OBJECT_CONVERSION = YES_AGGRESSIVE;
				CLANG_CXX_LANGUAGE_STANDARD = "gnu++14";
				CLANG_CXX_LIBRARY = "libc++";
				CLANG_ENABLE_MODULES = YES;
				CLANG_ENABLE_OBJC_ARC = YES;
				CLANG_ENABLE_OBJC_WEAK = YES;
				CLANG_WARN_BLOCK_CAPTURE_AUTORELEASING = YES;
				CLANG_WARN_BOOL_CONVERSION = YES;
				CLANG_WARN_COMMA = YES;
				CLANG_WARN_CONSTANT_CONVERSION = YES;
				CLANG_WARN_DEPRECATED_OBJC_IMPLEMENTATIONS = YES;
				CLANG_WARN_DIRECT_OBJC_ISA_USAGE = YES_ERROR;
				CLANG_WARN_DOCUMENTATION_COMMENTS = YES;
				CLANG_WARN_EMPTY_BODY = YES;
				CLANG_WARN_ENUM_CONVERSION = YES;
				CLANG_WARN_INFINITE_RECURSION = YES;
				CLANG_WARN_INT_CONVERSION = YES;
				CLANG_WARN_NON_LITERAL_NULL_CONVERSION = YES;
				CLANG_WARN_OBJC_IMPLICIT_RETAIN_SELF = YES;
				CLANG_WARN_OBJC_LITERAL_CONVERSION = YES;
				CLANG_WARN_OBJC_ROOT_CLASS = YES_ERROR;
				CLANG_WARN_QUOTED_INCLUDE_IN_FRAMEWORK_HEADER = YES;
				CLANG_WARN_RANGE_LOOP_ANALYSIS = YES;
				CLANG_WARN_STRICT_PROTOTYPES = YES;
				CLANG_WARN_SUSPICIOUS_MOVE = YES;
				CLANG_WARN_UNGUARDED_AVAILABILITY = YES_AGGRESSIVE;
				CLANG_WARN_UNREACHABLE_CODE = YES;
				CLANG_WARN__DUPLICATE_METHOD_MATCH = YES;
				COPY_PHASE_STRIP = NO;
				DEBUG_INFORMATION_FORMAT = dwarf;
				ENABLE_STRICT_OBJC_MSGSEND = YES;
				ENABLE_TESTABILITY = YES;
				GCC_C_LANGUAGE_STANDARD = gnu11;
				GCC_DYNAMIC_NO_PIC = NO;
				GCC_NO_COMMON_BLOCKS = YES;
				GCC_OPTIMIZATION_LEVEL = 0;
				GCC_PREPROCESSOR_DEFINITIONS = (
					"DEBUG=1",
					"$(inherited)",
				);
				GCC_WARN_64_TO_32_BIT_CONVERSION = YES;
				GCC_WARN_ABOUT_RETURN_TYPE = YES_ERROR;
				GCC_WARN_UNDECLARED_SELECTOR = YES;
				GCC_WARN_UNINITIALIZED_AUTOS = YES_AGGRESSIVE;
				GCC_WARN_UNUSED_FUNCTION = YES;
				GCC_WARN_UNUSED_VARIABLE = YES;
				IPHONEOS_DEPLOYMENT_TARGET = 11.0;
				MTL_ENABLE_DEBUG_INFO = INCLUDE_SOURCE;
				MTL_FAST_MATH = YES;
				ONLY_ACTIVE_ARCH = YES;
				SDKROOT = iphoneos;
			};
			name = Debug;
		};
		BF309DB52646780E004086BB /* Release */ = {
			isa = XCBuildConfiguration;
			buildSettings = {
				ALWAYS_SEARCH_USER_PATHS = NO;
				CLANG_ANALYZER_NONNULL = YES;
				CLANG_ANALYZER_NUMBER_OBJECT_CONVERSION = YES_AGGRESSIVE;
				CLANG_CXX_LANGUAGE_STANDARD = "gnu++14";
				CLANG_CXX_LIBRARY = "libc++";
				CLANG_ENABLE_MODULES = YES;
				CLANG_ENABLE_OBJC_ARC = YES;
				CLANG_ENABLE_OBJC_WEAK = YES;
				CLANG_WARN_BLOCK_CAPTURE_AUTORELEASING = YES;
				CLANG_WARN_BOOL_CONVERSION = YES;
				CLANG_WARN_COMMA = YES;
				CLANG_WARN_CONSTANT_CONVERSION = YES;
				CLANG_WARN_DEPRECATED_OBJC_IMPLEMENTATIONS = YES;
				CLANG_WARN_DIRECT_OBJC_ISA_USAGE = YES_ERROR;
				CLANG_WARN_DOCUMENTATION_COMMENTS = YES;
				CLANG_WARN_EMPTY_BODY = YES;
				CLANG_WARN_ENUM_CONVERSION = YES;
				CLANG_WARN_INFINITE_RECURSION = YES;
				CLANG_WARN_INT_CONVERSION = YES;
				CLANG_WARN_NON_LITERAL_NULL_CONVERSION = YES;
				CLANG_WARN_OBJC_IMPLICIT_RETAIN_SELF = YES;
				CLANG_WARN_OBJC_LITERAL_CONVERSION = YES;
				CLANG_WARN_OBJC_ROOT_CLASS = YES_ERROR;
				CLANG_WARN_QUOTED_INCLUDE_IN_FRAMEWORK_HEADER = YES;
				CLANG_WARN_RANGE_LOOP_ANALYSIS = YES;
				CLANG_WARN_STRICT_PROTOTYPES = YES;
				CLANG_WARN_SUSPICIOUS_MOVE = YES;
				CLANG_WARN_UNGUARDED_AVAILABILITY = YES_AGGRESSIVE;
				CLANG_WARN_UNREACHABLE_CODE = YES;
				CLANG_WARN__DUPLICATE_METHOD_MATCH = YES;
				COPY_PHASE_STRIP = NO;
				DEBUG_INFORMATION_FORMAT = "dwarf-with-dsym";
				ENABLE_NS_ASSERTIONS = NO;
				ENABLE_STRICT_OBJC_MSGSEND = YES;
				GCC_C_LANGUAGE_STANDARD = gnu11;
				GCC_NO_COMMON_BLOCKS = YES;
				GCC_WARN_64_TO_32_BIT_CONVERSION = YES;
				GCC_WARN_ABOUT_RETURN_TYPE = YES_ERROR;
				GCC_WARN_UNDECLARED_SELECTOR = YES;
				GCC_WARN_UNINITIALIZED_AUTOS = YES_AGGRESSIVE;
				GCC_WARN_UNUSED_FUNCTION = YES;
				GCC_WARN_UNUSED_VARIABLE = YES;
				IPHONEOS_DEPLOYMENT_TARGET = 11.0;
				MTL_ENABLE_DEBUG_INFO = NO;
				MTL_FAST_MATH = YES;
				SDKROOT = iphoneos;
				VALIDATE_PRODUCT = YES;
			};
			name = Release;
		};
		BF309DB72646780E004086BB /* Debug */ = {
			isa = XCBuildConfiguration;
			buildSettings = {
				ASSETCATALOG_COMPILER_APPICON_NAME = AppIcon;
				ASSETCATALOG_COMPILER_GLOBAL_ACCENT_COLOR_NAME = AccentColor;
				CODE_SIGN_STYLE = Automatic;
				DEVELOPMENT_TEAM = 7BM224Q2NE;
				INFOPLIST_FILE = fishhook_demo/Info.plist;
				LD_RUNPATH_SEARCH_PATHS = (
					"$(inherited)",
					"@executable_path/Frameworks",
				);
				PRODUCT_BUNDLE_IDENTIFIER = "hapii.fishhook-demoo";
				PRODUCT_NAME = "$(TARGET_NAME)";
				TARGETED_DEVICE_FAMILY = "1,2";
			};
			name = Debug;
		};
		BF309DB82646780E004086BB /* Release */ = {
			isa = XCBuildConfiguration;
			buildSettings = {
				ASSETCATALOG_COMPILER_APPICON_NAME = AppIcon;
				ASSETCATALOG_COMPILER_GLOBAL_ACCENT_COLOR_NAME = AccentColor;
				CODE_SIGN_STYLE = Automatic;
				DEVELOPMENT_TEAM = 7BM224Q2NE;
				INFOPLIST_FILE = fishhook_demo/Info.plist;
				LD_RUNPATH_SEARCH_PATHS = (
					"$(inherited)",
					"@executable_path/Frameworks",
				);
				PRODUCT_BUNDLE_IDENTIFIER = "hapii.fishhook-demoo";
				PRODUCT_NAME = "$(TARGET_NAME)";
				TARGETED_DEVICE_FAMILY = "1,2";
			};
			name = Release;
		};
/* End XCBuildConfiguration section */

/* Begin XCConfigurationList section */
		BF309D982646780C004086BB /* Build configuration list for PBXProject "fishhook_demo" */ = {
			isa = XCConfigurationList;
			buildConfigurations = (
				BF309DB42646780E004086BB /* Debug */,
				BF309DB52646780E004086BB /* Release */,
			);
			defaultConfigurationIsVisible = 0;
			defaultConfigurationName = Release;
		};
		BF309DB62646780E004086BB /* Build configuration list for PBXNativeTarget "fishhook_demo" */ = {
			isa = XCConfigurationList;
			buildConfigurations = (
				BF309DB72646780E004086BB /* Debug */,
				BF309DB82646780E004086BB /* Release */,
			);
			defaultConfigurationIsVisible = 0;
			defaultConfigurationName = Release;
		};
/* End XCConfigurationList section */
	};
	rootObject = BF309D952646780C004086BB /* Project object */;
}
